// !$*UTF8*$!
{
	archiveVersion = 1;
	classes = {
	};
	objectVersion = 77;
	objects = {

/* Begin PBXBuildFile section */
		901B16B92D9C41D80017EF36 /* WatchKit.framework in Frameworks */ = {isa = PBXBuildFile; fileRef = 901B16B82D9C41D80017EF36 /* WatchKit.framework */; };
		90658B262D9ECB0E00C0A06A /* iOS-Info.plist in Resources */ = {isa = PBXBuildFile; fileRef = 90658B252D9ECB0E00C0A06A /* iOS-Info.plist */; };
		9065BC392D886CC6005ACC7D /* powernap Watch App.app in Embed Watch Content */ = {isa = PBXBuildFile; fileRef = 9065BC382D886CC6005ACC7D /* powernap Watch App.app */; settings = {ATTRIBUTES = (RemoveHeadersOnCopy, ); }; };
/* End PBXBuildFile section */

/* Begin PBXContainerItemProxy section */
		9065BC3A2D886CC6005ACC7D /* PBXContainerItemProxy */ = {
			isa = PBXContainerItemProxy;
			containerPortal = 9065BC2C2D886CC6005ACC7D /* Project object */;
			proxyType = 1;
			remoteGlobalIDString = 9065BC372D886CC6005ACC7D;
			remoteInfo = "powernap Watch App";
		};
		9065BC4B2D886CC8005ACC7D /* PBXContainerItemProxy */ = {
			isa = PBXContainerItemProxy;
			containerPortal = 9065BC2C2D886CC6005ACC7D /* Project object */;
			proxyType = 1;
			remoteGlobalIDString = 9065BC372D886CC6005ACC7D;
			remoteInfo = "powernap Watch App";
		};
		9065BC552D886CC8005ACC7D /* PBXContainerItemProxy */ = {
			isa = PBXContainerItemProxy;
			containerPortal = 9065BC2C2D886CC6005ACC7D /* Project object */;
			proxyType = 1;
			remoteGlobalIDString = 9065BC372D886CC6005ACC7D;
			remoteInfo = "powernap Watch App";
		};
/* End PBXContainerItemProxy section */

/* Begin PBXCopyFilesBuildPhase section */
		9065BC612D886CC8005ACC7D /* Embed Watch Content */ = {
			isa = PBXCopyFilesBuildPhase;
			buildActionMask = 2147483647;
			dstPath = "$(CONTENTS_FOLDER_PATH)/Watch";
			dstSubfolderSpec = 16;
			files = (
				9065BC392D886CC6005ACC7D /* powernap Watch App.app in Embed Watch Content */,
			);
			name = "Embed Watch Content";
			runOnlyForDeploymentPostprocessing = 0;
		};
/* End PBXCopyFilesBuildPhase section */

/* Begin PBXFileReference section */
		901B16B82D9C41D80017EF36 /* WatchKit.framework */ = {isa = PBXFileReference; lastKnownFileType = wrapper.framework; name = WatchKit.framework; path = Platforms/WatchOS.platform/Developer/SDKs/WatchOS11.2.sdk/System/Library/Frameworks/WatchKit.framework; sourceTree = DEVELOPER_DIR; };
		90658B252D9ECB0E00C0A06A /* iOS-Info.plist */ = {isa = PBXFileReference; lastKnownFileType = text.plist.xml; path = "iOS-Info.plist"; sourceTree = "<group>"; };
		9065BC322D886CC6005ACC7D /* powernap.app */ = {isa = PBXFileReference; explicitFileType = wrapper.application; includeInIndex = 0; path = powernap.app; sourceTree = BUILT_PRODUCTS_DIR; };
		9065BC382D886CC6005ACC7D /* powernap Watch App.app */ = {isa = PBXFileReference; explicitFileType = wrapper.application; includeInIndex = 0; path = "powernap Watch App.app"; sourceTree = BUILT_PRODUCTS_DIR; };
		9065BC4A2D886CC8005ACC7D /* powernap Watch AppTests.xctest */ = {isa = PBXFileReference; explicitFileType = wrapper.cfbundle; includeInIndex = 0; path = "powernap Watch AppTests.xctest"; sourceTree = BUILT_PRODUCTS_DIR; };
		9065BC542D886CC8005ACC7D /* powernap Watch AppUITests.xctest */ = {isa = PBXFileReference; explicitFileType = wrapper.cfbundle; includeInIndex = 0; path = "powernap Watch AppUITests.xctest"; sourceTree = BUILT_PRODUCTS_DIR; };
/* End PBXFileReference section */

/* Begin PBXFileSystemSynchronizedBuildFileExceptionSet section */
		90658B272D9ED2F100C0A06A /* Exceptions for "powernap Watch App" folder in "powernap Watch App" target */ = {
			isa = PBXFileSystemSynchronizedBuildFileExceptionSet;
			membershipExceptions = (
				Info.plist,
			);
			target = 9065BC372D886CC6005ACC7D /* powernap Watch App */;
		};
/* End PBXFileSystemSynchronizedBuildFileExceptionSet section */

/* Begin PBXFileSystemSynchronizedRootGroup section */
		9065BC3C2D886CC6005ACC7D /* powernap Watch App */ = {
			isa = PBXFileSystemSynchronizedRootGroup;
			exceptions = (
				90658B272D9ED2F100C0A06A /* Exceptions for "powernap Watch App" folder in "powernap Watch App" target */,
			);
			path = "powernap Watch App";
			sourceTree = "<group>";
		};
		9065BC4D2D886CC8005ACC7D /* powernap Watch AppTests */ = {
			isa = PBXFileSystemSynchronizedRootGroup;
			path = "powernap Watch AppTests";
			sourceTree = "<group>";
		};
		9065BC572D886CC8005ACC7D /* powernap Watch AppUITests */ = {
			isa = PBXFileSystemSynchronizedRootGroup;
			path = "powernap Watch AppUITests";
			sourceTree = "<group>";
		};
/* End PBXFileSystemSynchronizedRootGroup section */

/* Begin PBXFrameworksBuildPhase section */
		9065BC352D886CC6005ACC7D /* Frameworks */ = {
			isa = PBXFrameworksBuildPhase;
			buildActionMask = 2147483647;
			files = (
				901B16B92D9C41D80017EF36 /* WatchKit.framework in Frameworks */,
			);
			runOnlyForDeploymentPostprocessing = 0;
		};
		9065BC472D886CC8005ACC7D /* Frameworks */ = {
			isa = PBXFrameworksBuildPhase;
			buildActionMask = 2147483647;
			files = (
			);
			runOnlyForDeploymentPostprocessing = 0;
		};
		9065BC512D886CC8005ACC7D /* Frameworks */ = {
			isa = PBXFrameworksBuildPhase;
			buildActionMask = 2147483647;
			files = (
			);
			runOnlyForDeploymentPostprocessing = 0;
		};
/* End PBXFrameworksBuildPhase section */

/* Begin PBXGroup section */
		901B16B72D9C41D80017EF36 /* Frameworks */ = {
			isa = PBXGroup;
			children = (
				901B16B82D9C41D80017EF36 /* WatchKit.framework */,
			);
			name = Frameworks;
			sourceTree = "<group>";
		};
		9065BC2B2D886CC6005ACC7D = {
			isa = PBXGroup;
			children = (
				9065BC3C2D886CC6005ACC7D /* powernap Watch App */,
				9065BC4D2D886CC8005ACC7D /* powernap Watch AppTests */,
				9065BC572D886CC8005ACC7D /* powernap Watch AppUITests */,
				901B16B72D9C41D80017EF36 /* Frameworks */,
				9065BC332D886CC6005ACC7D /* Products */,
				90658B252D9ECB0E00C0A06A /* iOS-Info.plist */,
			);
			sourceTree = "<group>";
		};
		9065BC332D886CC6005ACC7D /* Products */ = {
			isa = PBXGroup;
			children = (
				9065BC322D886CC6005ACC7D /* powernap.app */,
				9065BC382D886CC6005ACC7D /* powernap Watch App.app */,
				9065BC4A2D886CC8005ACC7D /* powernap Watch AppTests.xctest */,
				9065BC542D886CC8005ACC7D /* powernap Watch AppUITests.xctest */,
			);
			name = Products;
			sourceTree = "<group>";
		};
/* End PBXGroup section */

/* Begin PBXNativeTarget section */
		9065BC312D886CC6005ACC7D /* powernap */ = {
			isa = PBXNativeTarget;
			buildConfigurationList = 9065BC622D886CC8005ACC7D /* Build configuration list for PBXNativeTarget "powernap" */;
			buildPhases = (
				9065BC302D886CC6005ACC7D /* Resources */,
				9065BC612D886CC8005ACC7D /* Embed Watch Content */,
			);
			buildRules = (
			);
			dependencies = (
				9065BC3B2D886CC6005ACC7D /* PBXTargetDependency */,
			);
			name = powernap;
			packageProductDependencies = (
			);
			productName = powernap;
			productReference = 9065BC322D886CC6005ACC7D /* powernap.app */;
			productType = "com.apple.product-type.application.watchapp2-container";
		};
		9065BC372D886CC6005ACC7D /* powernap Watch App */ = {
			isa = PBXNativeTarget;
			buildConfigurationList = 9065BC5E2D886CC8005ACC7D /* Build configuration list for PBXNativeTarget "powernap Watch App" */;
			buildPhases = (
				9065BC342D886CC6005ACC7D /* Sources */,
				9065BC352D886CC6005ACC7D /* Frameworks */,
				9065BC362D886CC6005ACC7D /* Resources */,
			);
			buildRules = (
			);
			dependencies = (
			);
			fileSystemSynchronizedGroups = (
				9065BC3C2D886CC6005ACC7D /* powernap Watch App */,
			);
			name = "powernap Watch App";
			packageProductDependencies = (
			);
			productName = "powernap Watch App";
			productReference = 9065BC382D886CC6005ACC7D /* powernap Watch App.app */;
			productType = "com.apple.product-type.application";
		};
		9065BC492D886CC8005ACC7D /* powernap Watch AppTests */ = {
			isa = PBXNativeTarget;
			buildConfigurationList = 9065BC652D886CC8005ACC7D /* Build configuration list for PBXNativeTarget "powernap Watch AppTests" */;
			buildPhases = (
				9065BC462D886CC8005ACC7D /* Sources */,
				9065BC472D886CC8005ACC7D /* Frameworks */,
				9065BC482D886CC8005ACC7D /* Resources */,
			);
			buildRules = (
			);
			dependencies = (
				9065BC4C2D886CC8005ACC7D /* PBXTargetDependency */,
			);
			fileSystemSynchronizedGroups = (
				9065BC4D2D886CC8005ACC7D /* powernap Watch AppTests */,
			);
			name = "powernap Watch AppTests";
			packageProductDependencies = (
			);
			productName = "powernap Watch AppTests";
			productReference = 9065BC4A2D886CC8005ACC7D /* powernap Watch AppTests.xctest */;
			productType = "com.apple.product-type.bundle.unit-test";
		};
		9065BC532D886CC8005ACC7D /* powernap Watch AppUITests */ = {
			isa = PBXNativeTarget;
			buildConfigurationList = 9065BC682D886CC8005ACC7D /* Build configuration list for PBXNativeTarget "powernap Watch AppUITests" */;
			buildPhases = (
				9065BC502D886CC8005ACC7D /* Sources */,
				9065BC512D886CC8005ACC7D /* Frameworks */,
				9065BC522D886CC8005ACC7D /* Resources */,
			);
			buildRules = (
			);
			dependencies = (
				9065BC562D886CC8005ACC7D /* PBXTargetDependency */,
			);
			fileSystemSynchronizedGroups = (
				9065BC572D886CC8005ACC7D /* powernap Watch AppUITests */,
			);
			name = "powernap Watch AppUITests";
			packageProductDependencies = (
			);
			productName = "powernap Watch AppUITests";
			productReference = 9065BC542D886CC8005ACC7D /* powernap Watch AppUITests.xctest */;
			productType = "com.apple.product-type.bundle.ui-testing";
		};
/* End PBXNativeTarget section */

/* Begin PBXProject section */
		9065BC2C2D886CC6005ACC7D /* Project object */ = {
			isa = PBXProject;
			attributes = {
				BuildIndependentTargetsInParallel = 1;
				LastSwiftUpdateCheck = 1620;
				LastUpgradeCheck = 1620;
				TargetAttributes = {
					9065BC312D886CC6005ACC7D = {
						CreatedOnToolsVersion = 16.2;
					};
					9065BC372D886CC6005ACC7D = {
						CreatedOnToolsVersion = 16.2;
					};
					9065BC492D886CC8005ACC7D = {
						CreatedOnToolsVersion = 16.2;
						TestTargetID = 9065BC372D886CC6005ACC7D;
					};
					9065BC532D886CC8005ACC7D = {
						CreatedOnToolsVersion = 16.2;
						TestTargetID = 9065BC372D886CC6005ACC7D;
					};
				};
			};
			buildConfigurationList = 9065BC2F2D886CC6005ACC7D /* Build configuration list for PBXProject "powernap" */;
			developmentRegion = en;
			hasScannedForEncodings = 0;
			knownRegions = (
				en,
				Base,
			);
			mainGroup = 9065BC2B2D886CC6005ACC7D;
			minimizedProjectReferenceProxies = 1;
			preferredProjectObjectVersion = 77;
			productRefGroup = 9065BC332D886CC6005ACC7D /* Products */;
			projectDirPath = "";
			projectRoot = "";
			targets = (
				9065BC312D886CC6005ACC7D /* powernap */,
				9065BC372D886CC6005ACC7D /* powernap Watch App */,
				9065BC492D886CC8005ACC7D /* powernap Watch AppTests */,
				9065BC532D886CC8005ACC7D /* powernap Watch AppUITests */,
			);
		};
/* End PBXProject section */

/* Begin PBXResourcesBuildPhase section */
		9065BC302D886CC6005ACC7D /* Resources */ = {
			isa = PBXResourcesBuildPhase;
			buildActionMask = 2147483647;
			files = (
				90658B262D9ECB0E00C0A06A /* iOS-Info.plist in Resources */,
			);
			runOnlyForDeploymentPostprocessing = 0;
		};
		9065BC362D886CC6005ACC7D /* Resources */ = {
			isa = PBXResourcesBuildPhase;
			buildActionMask = 2147483647;
			files = (
			);
			runOnlyForDeploymentPostprocessing = 0;
		};
		9065BC482D886CC8005ACC7D /* Resources */ = {
			isa = PBXResourcesBuildPhase;
			buildActionMask = 2147483647;
			files = (
			);
			runOnlyForDeploymentPostprocessing = 0;
		};
		9065BC522D886CC8005ACC7D /* Resources */ = {
			isa = PBXResourcesBuildPhase;
			buildActionMask = 2147483647;
			files = (
			);
			runOnlyForDeploymentPostprocessing = 0;
		};
/* End PBXResourcesBuildPhase section */

/* Begin PBXSourcesBuildPhase section */
		9065BC342D886CC6005ACC7D /* Sources */ = {
			isa = PBXSourcesBuildPhase;
			buildActionMask = 2147483647;
			files = (
			);
			runOnlyForDeploymentPostprocessing = 0;
		};
		9065BC462D886CC8005ACC7D /* Sources */ = {
			isa = PBXSourcesBuildPhase;
			buildActionMask = 2147483647;
			files = (
			);
			runOnlyForDeploymentPostprocessing = 0;
		};
		9065BC502D886CC8005ACC7D /* Sources */ = {
			isa = PBXSourcesBuildPhase;
			buildActionMask = 2147483647;
			files = (
			);
			runOnlyForDeploymentPostprocessing = 0;
		};
/* End PBXSourcesBuildPhase section */

/* Begin PBXTargetDependency section */
		9065BC3B2D886CC6005ACC7D /* PBXTargetDependency */ = {
			isa = PBXTargetDependency;
			target = 9065BC372D886CC6005ACC7D /* powernap Watch App */;
			targetProxy = 9065BC3A2D886CC6005ACC7D /* PBXContainerItemProxy */;
		};
		9065BC4C2D886CC8005ACC7D /* PBXTargetDependency */ = {
			isa = PBXTargetDependency;
			target = 9065BC372D886CC6005ACC7D /* powernap Watch App */;
			targetProxy = 9065BC4B2D886CC8005ACC7D /* PBXContainerItemProxy */;
		};
		9065BC562D886CC8005ACC7D /* PBXTargetDependency */ = {
			isa = PBXTargetDependency;
			target = 9065BC372D886CC6005ACC7D /* powernap Watch App */;
			targetProxy = 9065BC552D886CC8005ACC7D /* PBXContainerItemProxy */;
		};
/* End PBXTargetDependency section */

/* Begin XCBuildConfiguration section */
		9065BC5C2D886CC8005ACC7D /* Debug */ = {
			isa = XCBuildConfiguration;
			buildSettings = {
				ALWAYS_SEARCH_USER_PATHS = NO;
				ASSETCATALOG_COMPILER_GENERATE_SWIFT_ASSET_SYMBOL_EXTENSIONS = YES;
				CLANG_ANALYZER_NONNULL = YES;
				CLANG_ANALYZER_NUMBER_OBJECT_CONVERSION = YES_AGGRESSIVE;
				CLANG_CXX_LANGUAGE_STANDARD = "gnu++20";
				CLANG_ENABLE_MODULES = YES;
				CLANG_ENABLE_OBJC_ARC = YES;
				CLANG_ENABLE_OBJC_WEAK = YES;
				CLANG_WARN_BLOCK_CAPTURE_AUTORELEASING = YES;
				CLANG_WARN_BOOL_CONVERSION = YES;
				CLANG_WARN_COMMA = YES;
				CLANG_WARN_CONSTANT_CONVERSION = YES;
				CLANG_WARN_DEPRECATED_OBJC_IMPLEMENTATIONS = YES;
				CLANG_WARN_DIRECT_OBJC_ISA_USAGE = YES_ERROR;
				CLANG_WARN_DOCUMENTATION_COMMENTS = YES;
				CLANG_WARN_EMPTY_BODY = YES;
				CLANG_WARN_ENUM_CONVERSION = YES;
				CLANG_WARN_INFINITE_RECURSION = YES;
				CLANG_WARN_INT_CONVERSION = YES;
				CLANG_WARN_NON_LITERAL_NULL_CONVERSION = YES;
				CLANG_WARN_OBJC_IMPLICIT_RETAIN_SELF = YES;
				CLANG_WARN_OBJC_LITERAL_CONVERSION = YES;
				CLANG_WARN_OBJC_ROOT_CLASS = YES_ERROR;
				CLANG_WARN_QUOTED_INCLUDE_IN_FRAMEWORK_HEADER = YES;
				CLANG_WARN_RANGE_LOOP_ANALYSIS = YES;
				CLANG_WARN_STRICT_PROTOTYPES = YES;
				CLANG_WARN_SUSPICIOUS_MOVE = YES;
				CLANG_WARN_UNGUARDED_AVAILABILITY = YES_AGGRESSIVE;
				CLANG_WARN_UNREACHABLE_CODE = YES;
				CLANG_WARN__DUPLICATE_METHOD_MATCH = YES;
				COPY_PHASE_STRIP = NO;
				DEBUG_INFORMATION_FORMAT = dwarf;
				ENABLE_STRICT_OBJC_MSGSEND = YES;
				ENABLE_TESTABILITY = YES;
				ENABLE_USER_SCRIPT_SANDBOXING = YES;
				GCC_C_LANGUAGE_STANDARD = gnu17;
				GCC_DYNAMIC_NO_PIC = NO;
				GCC_NO_COMMON_BLOCKS = YES;
				GCC_OPTIMIZATION_LEVEL = 0;
				GCC_PREPROCESSOR_DEFINITIONS = (
					"DEBUG=1",
					"$(inherited)",
				);
				GCC_WARN_64_TO_32_BIT_CONVERSION = YES;
				GCC_WARN_ABOUT_RETURN_TYPE = YES_ERROR;
				GCC_WARN_UNDECLARED_SELECTOR = YES;
				GCC_WARN_UNINITIALIZED_AUTOS = YES_AGGRESSIVE;
				GCC_WARN_UNUSED_FUNCTION = YES;
				GCC_WARN_UNUSED_VARIABLE = YES;
				LOCALIZATION_PREFERS_STRING_CATALOGS = YES;
				MTL_ENABLE_DEBUG_INFO = INCLUDE_SOURCE;
				MTL_FAST_MATH = YES;
				ONLY_ACTIVE_ARCH = YES;
				SWIFT_ACTIVE_COMPILATION_CONDITIONS = "DEBUG $(inherited)";
				SWIFT_OPTIMIZATION_LEVEL = "-Onone";
			};
			name = Debug;
		};
		9065BC5D2D886CC8005ACC7D /* Release */ = {
			isa = XCBuildConfiguration;
			buildSettings = {
				ALWAYS_SEARCH_USER_PATHS = NO;
				ASSETCATALOG_COMPILER_GENERATE_SWIFT_ASSET_SYMBOL_EXTENSIONS = YES;
				CLANG_ANALYZER_NONNULL = YES;
				CLANG_ANALYZER_NUMBER_OBJECT_CONVERSION = YES_AGGRESSIVE;
				CLANG_CXX_LANGUAGE_STANDARD = "gnu++20";
				CLANG_ENABLE_MODULES = YES;
				CLANG_ENABLE_OBJC_ARC = YES;
				CLANG_ENABLE_OBJC_WEAK = YES;
				CLANG_WARN_BLOCK_CAPTURE_AUTORELEASING = YES;
				CLANG_WARN_BOOL_CONVERSION = YES;
				CLANG_WARN_COMMA = YES;
				CLANG_WARN_CONSTANT_CONVERSION = YES;
				CLANG_WARN_DEPRECATED_OBJC_IMPLEMENTATIONS = YES;
				CLANG_WARN_DIRECT_OBJC_ISA_USAGE = YES_ERROR;
				CLANG_WARN_DOCUMENTATION_COMMENTS = YES;
				CLANG_WARN_EMPTY_BODY = YES;
				CLANG_WARN_ENUM_CONVERSION = YES;
				CLANG_WARN_INFINITE_RECURSION = YES;
				CLANG_WARN_INT_CONVERSION = YES;
				CLANG_WARN_NON_LITERAL_NULL_CONVERSION = YES;
				CLANG_WARN_OBJC_IMPLICIT_RETAIN_SELF = YES;
				CLANG_WARN_OBJC_LITERAL_CONVERSION = YES;
				CLANG_WARN_OBJC_ROOT_CLASS = YES_ERROR;
				CLANG_WARN_QUOTED_INCLUDE_IN_FRAMEWORK_HEADER = YES;
				CLANG_WARN_RANGE_LOOP_ANALYSIS = YES;
				CLANG_WARN_STRICT_PROTOTYPES = YES;
				CLANG_WARN_SUSPICIOUS_MOVE = YES;
				CLANG_WARN_UNGUARDED_AVAILABILITY = YES_AGGRESSIVE;
				CLANG_WARN_UNREACHABLE_CODE = YES;
				CLANG_WARN__DUPLICATE_METHOD_MATCH = YES;
				COPY_PHASE_STRIP = NO;
				DEBUG_INFORMATION_FORMAT = "dwarf-with-dsym";
				ENABLE_NS_ASSERTIONS = NO;
				ENABLE_STRICT_OBJC_MSGSEND = YES;
				ENABLE_USER_SCRIPT_SANDBOXING = YES;
				GCC_C_LANGUAGE_STANDARD = gnu17;
				GCC_NO_COMMON_BLOCKS = YES;
				GCC_WARN_64_TO_32_BIT_CONVERSION = YES;
				GCC_WARN_ABOUT_RETURN_TYPE = YES_ERROR;
				GCC_WARN_UNDECLARED_SELECTOR = YES;
				GCC_WARN_UNINITIALIZED_AUTOS = YES_AGGRESSIVE;
				GCC_WARN_UNUSED_FUNCTION = YES;
				GCC_WARN_UNUSED_VARIABLE = YES;
				LOCALIZATION_PREFERS_STRING_CATALOGS = YES;
				MTL_ENABLE_DEBUG_INFO = NO;
				MTL_FAST_MATH = YES;
				SWIFT_COMPILATION_MODE = wholemodule;
			};
			name = Release;
		};
		9065BC5F2D886CC8005ACC7D /* Debug */ = {
			isa = XCBuildConfiguration;
			buildSettings = {
				ASSETCATALOG_COMPILER_APPICON_NAME = AppIcon;
				ASSETCATALOG_COMPILER_GLOBAL_ACCENT_COLOR_NAME = AccentColor;
				CODE_SIGN_ENTITLEMENTS = "powernap Watch App/powernap Watch App.entitlements";
				CODE_SIGN_STYLE = Automatic;
				CURRENT_PROJECT_VERSION = 1;
				DEVELOPMENT_ASSET_PATHS = "\"powernap Watch App/Preview Content\"";
				DEVELOPMENT_TEAM = 8BG6CPVQP5;
				ENABLE_PREVIEWS = YES;
				GENERATE_INFOPLIST_FILE = YES;
				INFOPLIST_FILE = "powernap Watch App/Info.plist";
				INFOPLIST_KEY_CFBundleDisplayName = powernap;
				INFOPLIST_KEY_UISupportedInterfaceOrientations = "UIInterfaceOrientationPortrait UIInterfaceOrientationPortraitUpsideDown";
				INFOPLIST_KEY_WKWatchOnly = YES;
				LD_RUNPATH_SEARCH_PATHS = (
					"$(inherited)",
					"@executable_path/Frameworks",
				);
				MARKETING_VERSION = 1.0;
				PRODUCT_BUNDLE_IDENTIFIER = com.michaellee.powernap.watchkitapp;
				PRODUCT_NAME = "$(TARGET_NAME)";
				SDKROOT = watchos;
				SKIP_INSTALL = YES;
				SWIFT_EMIT_LOC_STRINGS = YES;
				SWIFT_VERSION = 5.0;
				TARGETED_DEVICE_FAMILY = 4;
				WATCHOS_DEPLOYMENT_TARGET = 11.2;
			};
			name = Debug;
		};
		9065BC602D886CC8005ACC7D /* Release */ = {
			isa = XCBuildConfiguration;
			buildSettings = {
				ASSETCATALOG_COMPILER_APPICON_NAME = AppIcon;
				ASSETCATALOG_COMPILER_GLOBAL_ACCENT_COLOR_NAME = AccentColor;
				CODE_SIGN_ENTITLEMENTS = "powernap Watch App/powernap Watch App.entitlements";
				CODE_SIGN_STYLE = Automatic;
				CURRENT_PROJECT_VERSION = 1;
				DEVELOPMENT_ASSET_PATHS = "\"powernap Watch App/Preview Content\"";
				DEVELOPMENT_TEAM = 8BG6CPVQP5;
				ENABLE_PREVIEWS = YES;
				GENERATE_INFOPLIST_FILE = YES;
				INFOPLIST_FILE = "powernap Watch App/Info.plist";
				INFOPLIST_KEY_CFBundleDisplayName = powernap;
				INFOPLIST_KEY_UISupportedInterfaceOrientations = "UIInterfaceOrientationPortrait UIInterfaceOrientationPortraitUpsideDown";
				INFOPLIST_KEY_WKWatchOnly = YES;
				LD_RUNPATH_SEARCH_PATHS = (
					"$(inherited)",
					"@executable_path/Frameworks",
				);
				MARKETING_VERSION = 1.0;
				PRODUCT_BUNDLE_IDENTIFIER = com.michaellee.powernap.watchkitapp;
				PRODUCT_NAME = "$(TARGET_NAME)";
				SDKROOT = watchos;
				SKIP_INSTALL = YES;
				SWIFT_EMIT_LOC_STRINGS = YES;
				SWIFT_VERSION = 5.0;
				TARGETED_DEVICE_FAMILY = 4;
				VALIDATE_PRODUCT = YES;
				WATCHOS_DEPLOYMENT_TARGET = 11.2;
			};
			name = Release;
		};
		9065BC632D886CC8005ACC7D /* Debug */ = {
			isa = XCBuildConfiguration;
			buildSettings = {
				CODE_SIGN_STYLE = Automatic;
				CURRENT_PROJECT_VERSION = 1;
				DEVELOPMENT_TEAM = 8BG6CPVQP5;
				INFOPLIST_FILE = "powernap/iOS-Info.plist";
				INFOPLIST_KEY_CFBundleDisplayName = powernap;
				MARKETING_VERSION = 1.0;
				PRODUCT_BUNDLE_IDENTIFIER = com.michaellee.powernap;
				PRODUCT_NAME = "$(TARGET_NAME)";
				SDKROOT = iphoneos;
				SWIFT_VERSION = 5.0;
			};
			name = Debug;
		};
		9065BC642D886CC8005ACC7D /* Release */ = {
			isa = XCBuildConfiguration;
			buildSettings = {
				CODE_SIGN_STYLE = Automatic;
				CURRENT_PROJECT_VERSION = 1;
				DEVELOPMENT_TEAM = 8BG6CPVQP5;
				INFOPLIST_FILE = "powernap/iOS-Info.plist";
				INFOPLIST_KEY_CFBundleDisplayName = powernap;
				MARKETING_VERSION = 1.0;
				PRODUCT_BUNDLE_IDENTIFIER = com.michaellee.powernap;
				PRODUCT_NAME = "$(TARGET_NAME)";
				SDKROOT = iphoneos;
				SWIFT_VERSION = 5.0;
				VALIDATE_PRODUCT = YES;
			};
			name = Release;
		};
		9065BC662D886CC8005ACC7D /* Debug */ = {
			isa = XCBuildConfiguration;
			buildSettings = {
				BUNDLE_LOADER = "$(TEST_HOST)";
				CODE_SIGN_STYLE = Automatic;
				CURRENT_PROJECT_VERSION = 1;
				DEVELOPMENT_TEAM = 8BG6CPVQP5;
				GENERATE_INFOPLIST_FILE = YES;
				MARKETING_VERSION = 1.0;
				PRODUCT_BUNDLE_IDENTIFIER = "com.michaellee.powernap-Watch-AppTests";
				PRODUCT_NAME = "$(TARGET_NAME)";
				SDKROOT = watchos;
				SWIFT_EMIT_LOC_STRINGS = NO;
				SWIFT_VERSION = 5.0;
				TARGETED_DEVICE_FAMILY = 4;
				TEST_HOST = "$(BUILT_PRODUCTS_DIR)/powernap Watch App.app/$(BUNDLE_EXECUTABLE_FOLDER_PATH)/powernap Watch App";
				WATCHOS_DEPLOYMENT_TARGET = 11.2;
			};
			name = Debug;
		};
		9065BC672D886CC8005ACC7D /* Release */ = {
			isa = XCBuildConfiguration;
			buildSettings = {
				BUNDLE_LOADER = "$(TEST_HOST)";
				CODE_SIGN_STYLE = Automatic;
				CURRENT_PROJECT_VERSION = 1;
				DEVELOPMENT_TEAM = 8BG6CPVQP5;
				GENERATE_INFOPLIST_FILE = YES;
				MARKETING_VERSION = 1.0;
				PRODUCT_BUNDLE_IDENTIFIER = "com.michaellee.powernap-Watch-AppTests";
				PRODUCT_NAME = "$(TARGET_NAME)";
				SDKROOT = watchos;
				SWIFT_EMIT_LOC_STRINGS = NO;
				SWIFT_VERSION = 5.0;
				TARGETED_DEVICE_FAMILY = 4;
				TEST_HOST = "$(BUILT_PRODUCTS_DIR)/powernap Watch App.app/$(BUNDLE_EXECUTABLE_FOLDER_PATH)/powernap Watch App";
				VALIDATE_PRODUCT = YES;
				WATCHOS_DEPLOYMENT_TARGET = 11.2;
			};
			name = Release;
		};
		9065BC692D886CC8005ACC7D /* Debug */ = {
			isa = XCBuildConfiguration;
			buildSettings = {
				CODE_SIGN_STYLE = Automatic;
				CURRENT_PROJECT_VERSION = 1;
				DEVELOPMENT_TEAM = 8BG6CPVQP5;
				GENERATE_INFOPLIST_FILE = YES;
				MARKETING_VERSION = 1.0;
				PRODUCT_BUNDLE_IDENTIFIER = "com.michaellee.powernap-Watch-AppUITests";
				PRODUCT_NAME = "$(TARGET_NAME)";
				SDKROOT = watchos;
				SWIFT_EMIT_LOC_STRINGS = NO;
				SWIFT_VERSION = 5.0;
				TARGETED_DEVICE_FAMILY = 4;
				TEST_TARGET_NAME = "powernap Watch App";
				WATCHOS_DEPLOYMENT_TARGET = 11.2;
			};
			name = Debug;
		};
		9065BC6A2D886CC8005ACC7D /* Release */ = {
			isa = XCBuildConfiguration;
			buildSettings = {
				CODE_SIGN_STYLE = Automatic;
				CURRENT_PROJECT_VERSION = 1;
				DEVELOPMENT_TEAM = 8BG6CPVQP5;
				GENERATE_INFOPLIST_FILE = YES;
				MARKETING_VERSION = 1.0;
				PRODUCT_BUNDLE_IDENTIFIER = "com.michaellee.powernap-Watch-AppUITests";
				PRODUCT_NAME = "$(TARGET_NAME)";
				SDKROOT = watchos;
				SWIFT_EMIT_LOC_STRINGS = NO;
				SWIFT_VERSION = 5.0;
				TARGETED_DEVICE_FAMILY = 4;
				TEST_TARGET_NAME = "powernap Watch App";
				VALIDATE_PRODUCT = YES;
				WATCHOS_DEPLOYMENT_TARGET = 11.2;
			};
			name = Release;
		};
/* End XCBuildConfiguration section */

/* Begin XCConfigurationList section */
		9065BC2F2D886CC6005ACC7D /* Build configuration list for PBXProject "powernap" */ = {
			isa = XCConfigurationList;
			buildConfigurations = (
				9065BC5C2D886CC8005ACC7D /* Debug */,
				9065BC5D2D886CC8005ACC7D /* Release */,
			);
			defaultConfigurationIsVisible = 0;
			defaultConfigurationName = Release;
		};
		9065BC5E2D886CC8005ACC7D /* Build configuration list for PBXNativeTarget "powernap Watch App" */ = {
			isa = XCConfigurationList;
			buildConfigurations = (
				9065BC5F2D886CC8005ACC7D /* Debug */,
				9065BC602D886CC8005ACC7D /* Release */,
			);
			defaultConfigurationIsVisible = 0;
			defaultConfigurationName = Release;
		};
		9065BC622D886CC8005ACC7D /* Build configuration list for PBXNativeTarget "powernap" */ = {
			isa = XCConfigurationList;
			buildConfigurations = (
				9065BC632D886CC8005ACC7D /* Debug */,
				9065BC642D886CC8005ACC7D /* Release */,
			);
			defaultConfigurationIsVisible = 0;
			defaultConfigurationName = Release;
		};
		9065BC652D886CC8005ACC7D /* Build configuration list for PBXNativeTarget "powernap Watch AppTests" */ = {
			isa = XCConfigurationList;
			buildConfigurations = (
				9065BC662D886CC8005ACC7D /* Debug */,
				9065BC672D886CC8005ACC7D /* Release */,
			);
			defaultConfigurationIsVisible = 0;
			defaultConfigurationName = Release;
		};
		9065BC682D886CC8005ACC7D /* Build configuration list for PBXNativeTarget "powernap Watch AppUITests" */ = {
			isa = XCConfigurationList;
			buildConfigurations = (
				9065BC692D886CC8005ACC7D /* Debug */,
				9065BC6A2D886CC8005ACC7D /* Release */,
			);
			defaultConfigurationIsVisible = 0;
			defaultConfigurationName = Release;
		};
/* End XCConfigurationList section */
	};
	rootObject = 9065BC2C2D886CC6005ACC7D /* Project object */;
}
